
Microsoft Visual Studio Solution File, Format Version 12.00
# Visual Studio Version 16
VisualStudioVersion = 16.0.30907.101
MinimumVisualStudioVersion = 10.0.40219.1
Project("{FAE04EC0-301F-11D3-BF4B-00C04F79EFBC}") = "task3", "task3.csproj", "{C3097F9D-86F7-4A68-9A05-3D55553F356D}"
EndProject
Global
	GlobalSection(SolutionConfigurationPlatforms) = preSolution
		Debug|Any CPU = Debug|Any CPU
		Release|Any CPU = Release|Any CPU
	EndGlobalSection
	GlobalSection(ProjectConfigurationPlatforms) = postSolution
		{C3097F9D-86F7-4A68-9A05-3D55553F356D}.Debug|Any CPU.ActiveCfg = Debug|Any CPU
		{C3097F9D-86F7-4A68-9A05-3D55553F356D}.Debug|Any CPU.Build.0 = Debug|Any CPU
		{C3097F9D-86F7-4A68-9A05-3D55553F356D}.Release|Any CPU.ActiveCfg = Release|Any CPU
		{C3097F9D-86F7-4A68-9A05-3D55553F356D}.Release|Any CPU.Build.0 = Release|Any CPU
	EndGlobalSection
	GlobalSection(SolutionProperties) = preSolution
		HideSolutionNode = FALSE
	EndGlobalSection
	GlobalSection(ExtensibilityGlobals) = postSolution
		SolutionGuid = {F1233FAA-8505-41FD-B6B6-3447BE58633E}
	EndGlobalSection
EndGlobal
